
Microsoft Visual Studio Solution File, Format Version 12.00
# Visual Studio Version 17
VisualStudioVersion = 17.14.36221.1 d17.14
MinimumVisualStudioVersion = 10.0.40219.1
Project("{FAE04EC0-301F-11D3-BF4B-00C04F79EFBC}") = "LethalSeedCracker2", "LethalSeedCracker2.csproj", "{D83E213D-B5A9-EB9C-0CDF-C0B207D47FE7}"
EndProject
Global
	GlobalSection(SolutionConfigurationPlatforms) = preSolution
		Debug|Any CPU = Debug|Any CPU
		Release|Any CPU = Release|Any CPU
	EndGlobalSection
	GlobalSection(ProjectConfigurationPlatforms) = postSolution
		{D83E213D-B5A9-EB9C-0CDF-C0B207D47FE7}.Debug|Any CPU.ActiveCfg = Debug|Any CPU
		{D83E213D-B5A9-EB9C-0CDF-C0B207D47FE7}.Debug|Any CPU.Build.0 = Debug|Any CPU
		{D83E213D-B5A9-EB9C-0CDF-C0B207D47FE7}.Release|Any CPU.ActiveCfg = Release|Any CPU
		{D83E213D-B5A9-EB9C-0CDF-C0B207D47FE7}.Release|Any CPU.Build.0 = Release|Any CPU
	EndGlobalSection
	GlobalSection(SolutionProperties) = preSolution
		HideSolutionNode = FALSE
	EndGlobalSection
	GlobalSection(ExtensibilityGlobals) = postSolution
		SolutionGuid = {0214880E-5CA9-459B-A570-E347E21BFED9}
	EndGlobalSection
EndGlobal
